
Microsoft Visual Studio Solution File, Format Version 12.00
# Visual Studio Version 16
VisualStudioVersion = 16.0.29709.97
MinimumVisualStudioVersion = 10.0.40219.1
Project("{FAE04EC0-301F-11D3-BF4B-00C04F79EFBC}") = "CustomerMVCExample", "CustomerMVCExample\CustomerMVCExample.csproj", "{AB27B353-E9B1-4C0E-AAFA-FFFDBF189CA8}"
EndProject
Global
	GlobalSection(SolutionConfigurationPlatforms) = preSolution
		Debug|Any CPU = Debug|Any CPU
		Release|Any CPU = Release|Any CPU
	EndGlobalSection
	GlobalSection(ProjectConfigurationPlatforms) = postSolution
		{AB27B353-E9B1-4C0E-AAFA-FFFDBF189CA8}.Debug|Any CPU.ActiveCfg = Debug|Any CPU
		{AB27B353-E9B1-4C0E-AAFA-FFFDBF189CA8}.Debug|Any CPU.Build.0 = Debug|Any CPU
		{AB27B353-E9B1-4C0E-AAFA-FFFDBF189CA8}.Release|Any CPU.ActiveCfg = Release|Any CPU
		{AB27B353-E9B1-4C0E-AAFA-FFFDBF189CA8}.Release|Any CPU.Build.0 = Release|Any CPU
	EndGlobalSection
	GlobalSection(SolutionProperties) = preSolution
		HideSolutionNode = FALSE
	EndGlobalSection
	GlobalSection(ExtensibilityGlobals) = postSolution
		SolutionGuid = {203809B1-CCA6-4525-A33C-14285A83E7C2}
	EndGlobalSection
EndGlobal
